
Microsoft Visual Studio Solution File, Format Version 12.00
# Visual Studio Version 16
VisualStudioVersion = 16.0.31702.278
MinimumVisualStudioVersion = 10.0.40219.1
Project("{9A19103F-16F7-4668-BE54-9A1E7A4F7556}") = "msa.otusarchitect.homework", "msa.otusarchitect.homework.csproj", "{D04170D5-5477-48D7-A5C0-8235F7B2477F}"
EndProject
Global
	GlobalSection(SolutionConfigurationPlatforms) = preSolution
		Debug|Any CPU = Debug|Any CPU
		Release|Any CPU = Release|Any CPU
	EndGlobalSection
	GlobalSection(ProjectConfigurationPlatforms) = postSolution
		{D04170D5-5477-48D7-A5C0-8235F7B2477F}.Debug|Any CPU.ActiveCfg = Debug|Any CPU
		{D04170D5-5477-48D7-A5C0-8235F7B2477F}.Debug|Any CPU.Build.0 = Debug|Any CPU
		{D04170D5-5477-48D7-A5C0-8235F7B2477F}.Release|Any CPU.ActiveCfg = Release|Any CPU
		{D04170D5-5477-48D7-A5C0-8235F7B2477F}.Release|Any CPU.Build.0 = Release|Any CPU
	EndGlobalSection
	GlobalSection(SolutionProperties) = preSolution
		HideSolutionNode = FALSE
	EndGlobalSection
	GlobalSection(ExtensibilityGlobals) = postSolution
		SolutionGuid = {D3B28C0A-C609-4C35-8072-FB89512E5C69}
	EndGlobalSection
EndGlobal
