{
  "name": "otus-arch-homework",
  "version": "1.0.0",
  "lockfileVersion": 2,
  "requires": true,
  "packages": {
    "": {
      "name": "otus-arch-homework",
      "version": "1.0.0",
      "license": "ISC",
      "devDependencies": {
        "@types/k6": "^0.36.0"
      }
    },
    "node_modules/@types/k6": {
      "version": "0.36.0",
      "resolved": "https://registry.npmjs.org/@types/k6/-/k6-0.36.0.tgz",
      "integrity": "sha512-VyPK2Nl4CeQ6MPcwt6pev0knT+2XeN0fsu+o/okPYpnMttyTmAzqU7r+1qnYzdLm7pfU5z2Rtd40aRgRiLAh5A==",
      "dev": true
    }
  },
  "dependencies": {
    "@types/k6": {
      "version": "0.36.0",
      "resolved": "https://registry.npmjs.org/@types/k6/-/k6-0.36.0.tgz",
      "integrity": "sha512-VyPK2Nl4CeQ6MPcwt6pev0knT+2XeN0fsu+o/okPYpnMttyTmAzqU7r+1qnYzdLm7pfU5z2Rtd40aRgRiLAh5A==",
      "dev": true
    }
  }
}
